{
  "version": 4,
  "terraform_version": "1.15.1",
  "serial": 97,
  "lineage": "4202db8b-9e59-aadf-ae7f-7f626cfc9c2a",
  "outputs": {},
  "resources": [
    {
      "mode": "managed",
      "type": "proxmox_virtual_environment_file",
      "name": "cloud_config",
      "provider": "provider[\"registry.terraform.io/bpg/proxmox\"]",
      "instances": [
        {
          "schema_version": 0,
          "attributes": {
            "content_type": "snippets",
            "datastore_id": "local",
            "file_mode": null,
            "file_modification_date": null,
            "file_name": "cloud_config.yaml",
            "file_size": null,
            "file_tag": null,
            "id": "local:snippets/cloud_config.yaml",
            "node_name": "pve",
            "overwrite": true,
            "source_file": [],
            "source_raw": [
              {
                "data": "#cloud-config\r\nhostname: ubuntu-baddou-projet-metier\r\nmanage_etc_hosts: true\r\nusers:\r\n  - default\r\n  - name: ubuntu\r\n    groups:\n      - sudo\n    shell: /bin/bash\n    lock_passwd: true\n    ssh_authorized_keys:\n      - ssh-ed25519 AAAAC3NzaC1lZDI1NTE5AAAAIDvUY1VFgyVe1BZZ7oX2/lOXRLoubVUOGIo/VGTIi8S7 noadaz@DESKTOP-FF8H7R1\n      - ssh-rsa AAAAB3NzaC1yc2EAAAADAQABAAACAQCi68s3sos6unCs+oCJ5sBmkbFk/1VUDpvXEpoTy/1R/itti47qTHW2svLc7l+Ce2Fy5RTmhlYuAhQ5tPpr6SIbXib9LBveS9qVUI9ADby6b+3UvkgvAxzlJNXbHUkEzHxMMgvC0Qqnl2mxeV8Sb//zNSAbr0Jt3W9zVI6ZNXE53BS/FrGAQYM9xWHMbE3eWutSPKGNM87PtSJ7EHM5STHE7xYap4+xilH7wKxDurR8Ofigal8sOPEyFacCqbQvqf4E8fHTkVU9LBH3U8Q48y3CjU105PdyzF7XpJXXHMxs9pzZAQll7Oh5tfltCPHCK+kJibC1GW5TlTz9ewsGMOsQMMfHRQL0qNtLJVhJGwMsxfmL4UJAwIOdYyhLwVUYtdRmXTQW7BL1q/1yj/fv3qGq6MJfbR5+/nqilBe2xyA/Kx48fDJJl8JV6v97jQNW9jLBq636FyZvz9RSfStCEwxP0W6vxKRJK+c+JBt1jVGmeaYKafOSOlYixKXzys0iep75GC3CIklUAJNLEwm5KuxS21ggC2Gx3yRQiElQUBjeXmxiMgibndX+a3vRk8astqc/0aMV4DXIyZqM3GLaZmkAOwN7VIeEVu4o9a+N5B03RgS3xSKPWYM0O+xE/4YtxDND6H2Se8UkVH0e/og2bCNCR+2VookOMN/bw+9NlFKI9w== root@fanida\n      - ssh-ed25519 AAAAC3NzaC1lZDI1NTE5AAAAICap8iQpRoFnxn5ijnGV864vhoVZs9KL3R6pZ1G78aq3 baddou.ayman@ensam-casa.ma\n    sudo: ALL=(ALL) NOPASSWD:ALL\nssh_pwauth: false\ndisable_root: true\nwrite_files:\n  - path: /etc/ssh/sshd_config.d/99-cloud-init-hardening.conf\n    owner: root:root\n    permissions: '0644'\n    content: |\n      PasswordAuthentication no\n      KbdInteractiveAuthentication no\n      ChallengeResponseAuthentication no\n      PubkeyAuthentication yes\n      PermitRootLogin no\npackages:\n  - curl\nruncmd:\n  - systemctl reload ssh || systemctl reload sshd\n  - bash -lc 'curl -fsSL https://tailscale.com/install.sh | sh \u0026\u0026 sudo tailscale up --auth-key=tskey-auth-kSmsidWQ9N11CNTRL-maR8AgtC3GLcxijdjiiWGLCXndFi7jw1'\n",
                "file_name": "cloud_config.yaml",
                "resize": 0
              }
            ],
            "timeout_upload": 1800
          },
          "sensitive_attributes": [
            [
              {
                "type": "get_attr",
                "value": "source_raw"
              },
              {
                "type": "index",
                "value": {
                  "value": 0,
                  "type": "number"
                }
              },
              {
                "type": "get_attr",
                "value": "data"
              }
            ]
          ],
          "identity_schema_version": 0,
          "private": "bnVsbA=="
        }
      ]
    },
    {
      "mode": "managed",
      "type": "proxmox_virtual_environment_vm",
      "name": "projet_metier_vm",
      "provider": "provider[\"registry.terraform.io/bpg/proxmox\"]",
      "instances": [
        {
          "schema_version": 0,
          "attributes": {
            "acpi": true,
            "agent": [],
            "amd_sev": [],
            "audio_device": [],
            "bios": "seabios",
            "boot_order": [
              "scsi0",
              "net0"
            ],
            "cdrom": [],
            "clone": [],
            "cpu": [
              {
                "affinity": "",
                "architecture": "",
                "cores": 4,
                "flags": [],
                "hotplugged": 0,
                "limit": 0,
                "numa": false,
                "sockets": 1,
                "type": "host",
                "units": 0
              }
            ],
            "delete_unreferenced_disks_on_destroy": true,
            "description": "created vm with terraform",
            "disk": [
              {
                "aio": "io_uring",
                "backup": true,
                "cache": "none",
                "datastore_id": "local-lvm",
                "discard": "ignore",
                "file_format": "raw",
                "file_id": "local:iso/ubuntu-server.img",
                "import_from": "",
                "interface": "scsi0",
                "iothread": false,
                "path_in_datastore": "vm-100-disk-0",
                "replicate": true,
                "serial": "",
                "size": 100,
                "speed": [],
                "ssd": false
              }
            ],
            "efi_disk": [],
            "hook_script_file_id": null,
            "hostpci": [],
            "hotplug": null,
            "id": "100",
            "initialization": [
              {
                "datastore_id": "local-lvm",
                "dns": [
                  {
                    "domain": "",
                    "servers": [
                      "1.1.1.1"
                    ]
                  }
                ],
                "file_format": "",
                "interface": "ide2",
                "ip_config": [
                  {
                    "ipv4": [
                      {
                        "address": "10.10.50.135/24",
                        "gateway": "10.10.50.1"
                      }
                    ],
                    "ipv6": []
                  }
                ],
                "meta_data_file_id": "",
                "network_data_file_id": "",
                "type": "",
                "upgrade": true,
                "user_account": [],
                "user_data_file_id": "local:snippets/cloud_config.yaml",
                "vendor_data_file_id": ""
              }
            ],
            "ipv4_addresses": [],
            "ipv6_addresses": [],
            "keyboard_layout": "en-us",
            "kvm_arguments": "",
            "mac_addresses": [
              "BC:24:11:E2:A7:FC"
            ],
            "machine": "",
            "memory": [
              {
                "dedicated": 6144,
                "floating": 0,
                "hugepages": "",
                "keep_hugepages": false,
                "shared": 0
              }
            ],
            "migrate": false,
            "name": "ubuntu-baddou-projet-metier",
            "network_device": [
              {
                "bridge": "vmbr0",
                "disconnected": false,
                "enabled": true,
                "firewall": false,
                "mac_address": "BC:24:11:E2:A7:FC",
                "model": "virtio",
                "mtu": 0,
                "queues": 0,
                "rate_limit": 0,
                "trunks": "",
                "vlan_id": 0
              }
            ],
            "network_interface_names": [],
            "node_name": "pve",
            "numa": [],
            "on_boot": true,
            "operating_system": [],
            "pool_id": "",
            "protection": false,
            "purge_on_destroy": true,
            "reboot": false,
            "reboot_after_update": true,
            "rng": [],
            "scsi_hardware": "virtio-scsi-pci",
            "serial_device": [
              {
                "device": "socket"
              }
            ],
            "smbios": [],
            "started": true,
            "startup": [],
            "stop_on_destroy": false,
            "tablet_device": true,
            "tags": [],
            "template": false,
            "timeout_clone": 1800,
            "timeout_create": 1800,
            "timeout_migrate": 1800,
            "timeout_move_disk": 1800,
            "timeout_reboot": 1800,
            "timeout_shutdown_vm": 1800,
            "timeout_start_vm": 1800,
            "timeout_stop_vm": 300,
            "tpm_state": [],
            "usb": [],
            "vga": [],
            "virtiofs": [],
            "vm_id": 100,
            "watchdog": []
          },
          "sensitive_attributes": [],
          "identity_schema_version": 0,
          "private": "bnVsbA==",
          "dependencies": [
            "proxmox_virtual_environment_file.cloud_config"
          ]
        }
      ]
    }
  ],
  "check_results": null
}
